
Microsoft Visual Studio Solution File, Format Version 12.00
# Visual Studio Version 17
VisualStudioVersion = 17.0.31903.59
MinimumVisualStudioVersion = 10.0.40219.1
Project("{2150E333-8FDC-42A3-9474-1A3956D46DE8}") = "src", "src", "{C865B60B-50A4-4351-A4C8-831ACCF1E381}"
EndProject
Project("{FAE04EC0-301F-11D3-BF4B-00C04F79EFBC}") = "ToDoList.WebApi", "src\ToDoList.WebApi\ToDoList.WebApi.csproj", "{4B171F48-0F79-4371-86FA-6B6AFC283140}"
EndProject
Project("{FAE04EC0-301F-11D3-BF4B-00C04F79EFBC}") = "ToDoList.Domain", "src\ToDoList.Domain\ToDoList.Domain.csproj", "{C42DC545-2C3D-4929-B60B-C2E53596EE17}"
EndProject
Project("{FAE04EC0-301F-11D3-BF4B-00C04F79EFBC}") = "ToDoList.Test", "tests\ToDoList.Test\ToDoList.Test.csproj", "{9C5F8849-8E18-4BBF-9D65-53C426993FD7}"
EndProject
Project("{FAE04EC0-301F-11D3-BF4B-00C04F79EFBC}") = "ToDoList.Persistence", "src\ToDoList.Persistence\ToDoList.Persistence.csproj", "{AA9B062E-CCD0-4449-9EAC-52CF0617C70B}"
EndProject
Project("{FAE04EC0-301F-11D3-BF4B-00C04F79EFBC}") = "Generics", "Generics\Generics.csproj", "{1F69D569-BE6E-42D0-830A-D90B67D82330}"
EndProject
Global
	GlobalSection(SolutionConfigurationPlatforms) = preSolution
		Debug|Any CPU = Debug|Any CPU
		Release|Any CPU = Release|Any CPU
	EndGlobalSection
	GlobalSection(ProjectConfigurationPlatforms) = postSolution
		{AA9B062E-CCD0-4449-9EAC-52CF0617C70B}.Debug|Any CPU.ActiveCfg = Debug|Any CPU
		{AA9B062E-CCD0-4449-9EAC-52CF0617C70B}.Debug|Any CPU.Build.0 = Debug|Any CPU
		{AA9B062E-CCD0-4449-9EAC-52CF0617C70B}.Release|Any CPU.ActiveCfg = Release|Any CPU
		{AA9B062E-CCD0-4449-9EAC-52CF0617C70B}.Release|Any CPU.Build.0 = Release|Any CPU
		{1F69D569-BE6E-42D0-830A-D90B67D82330}.Debug|Any CPU.ActiveCfg = Debug|Any CPU
		{1F69D569-BE6E-42D0-830A-D90B67D82330}.Debug|Any CPU.Build.0 = Debug|Any CPU
		{1F69D569-BE6E-42D0-830A-D90B67D82330}.Release|Any CPU.ActiveCfg = Release|Any CPU
		{1F69D569-BE6E-42D0-830A-D90B67D82330}.Release|Any CPU.Build.0 = Release|Any CPU
	EndGlobalSection
	GlobalSection(SolutionProperties) = preSolution
		HideSolutionNode = FALSE
	EndGlobalSection
	GlobalSection(NestedProjects) = preSolution
		{AA9B062E-CCD0-4449-9EAC-52CF0617C70B} = {C865B60B-50A4-4351-A4C8-831ACCF1E381}
	EndGlobalSection
EndGlobal
