
Microsoft Visual Studio Solution File, Format Version 12.00
# Visual Studio Version 17
VisualStudioVersion = 17.0.31903.59
MinimumVisualStudioVersion = 10.0.40219.1
Project("{2150E333-8FDC-42A3-9474-1A3956D46DE8}") = "src", "src", "{63A2DB41-4B04-4982-BF88-A10BA869384B}"
EndProject
Project("{FAE04EC0-301F-11D3-BF4B-00C04F79EFBC}") = "Hangman.WebApi", "src\Hangman.WebApi\Hangman.WebApi.csproj", "{8EB8C80F-39D1-40B8-AE4C-638676A5D801}"
EndProject
Global
	GlobalSection(SolutionConfigurationPlatforms) = preSolution
		Debug|Any CPU = Debug|Any CPU
		Release|Any CPU = Release|Any CPU
	EndGlobalSection
	GlobalSection(SolutionProperties) = preSolution
		HideSolutionNode = FALSE
	EndGlobalSection
	GlobalSection(ProjectConfigurationPlatforms) = postSolution
		{8EB8C80F-39D1-40B8-AE4C-638676A5D801}.Debug|Any CPU.ActiveCfg = Debug|Any CPU
		{8EB8C80F-39D1-40B8-AE4C-638676A5D801}.Debug|Any CPU.Build.0 = Debug|Any CPU
		{8EB8C80F-39D1-40B8-AE4C-638676A5D801}.Release|Any CPU.ActiveCfg = Release|Any CPU
		{8EB8C80F-39D1-40B8-AE4C-638676A5D801}.Release|Any CPU.Build.0 = Release|Any CPU
	EndGlobalSection
	GlobalSection(NestedProjects) = preSolution
		{8EB8C80F-39D1-40B8-AE4C-638676A5D801} = {63A2DB41-4B04-4982-BF88-A10BA869384B}
	EndGlobalSection
EndGlobal
